
Microsoft Visual Studio Solution File, Format Version 12.00
# Visual Studio Version 17
VisualStudioVersion = 17.0.32014.148
MinimumVisualStudioVersion = 10.0.40219.1
Project("{9A19103F-16F7-4668-BE54-9A1E7A4F7556}") = "bmiwebApi", "bmiwebApi\bmiwebApi.csproj", "{06136F71-484A-4DF2-B43C-64CC502BBD96}"
EndProject
Project("{FAE04EC0-301F-11D3-BF4B-00C04F79EFBC}") = "BmicwebApiXunit.Tests", "BmicwebApiXunit.Tests\BmicwebApiXunit.Tests.csproj", "{9DC18DE8-5F1B-4DD5-A00C-59A04F7B90B3}"
EndProject
Global
	GlobalSection(SolutionConfigurationPlatforms) = preSolution
		Debug|Any CPU = Debug|Any CPU
		Release|Any CPU = Release|Any CPU
	EndGlobalSection
	GlobalSection(ProjectConfigurationPlatforms) = postSolution
		{06136F71-484A-4DF2-B43C-64CC502BBD96}.Debug|Any CPU.ActiveCfg = Debug|Any CPU
		{06136F71-484A-4DF2-B43C-64CC502BBD96}.Debug|Any CPU.Build.0 = Debug|Any CPU
		{06136F71-484A-4DF2-B43C-64CC502BBD96}.Release|Any CPU.ActiveCfg = Release|Any CPU
		{06136F71-484A-4DF2-B43C-64CC502BBD96}.Release|Any CPU.Build.0 = Release|Any CPU
		{9DC18DE8-5F1B-4DD5-A00C-59A04F7B90B3}.Debug|Any CPU.ActiveCfg = Debug|Any CPU
		{9DC18DE8-5F1B-4DD5-A00C-59A04F7B90B3}.Debug|Any CPU.Build.0 = Debug|Any CPU
		{9DC18DE8-5F1B-4DD5-A00C-59A04F7B90B3}.Release|Any CPU.ActiveCfg = Release|Any CPU
		{9DC18DE8-5F1B-4DD5-A00C-59A04F7B90B3}.Release|Any CPU.Build.0 = Release|Any CPU
	EndGlobalSection
	GlobalSection(SolutionProperties) = preSolution
		HideSolutionNode = FALSE
	EndGlobalSection
	GlobalSection(ExtensibilityGlobals) = postSolution
		SolutionGuid = {AAA1ADE0-5668-42F8-85BF-E3F455C09726}
	EndGlobalSection
EndGlobal
